
Microsoft Visual Studio Solution File, Format Version 12.00
# Visual Studio Version 17
VisualStudioVersion = 17.0.31903.59
MinimumVisualStudioVersion = 10.0.40219.1
Project("{2150E333-8FDC-42A3-9474-1A3956D46DE8}") = "app-csharp", "app-csharp", "{190D3071-BA1D-2212-528C-9E9F7526ED29}"
EndProject
Project("{2150E333-8FDC-42A3-9474-1A3956D46DE8}") = "interop", "interop", "{6FA9D873-4B8F-6A73-771E-9F249474291A}"
EndProject
Project("{FAE04EC0-301F-11D3-BF4B-00C04F79EFBC}") = "ContourCam.Interop", "app-csharp\interop\ContourCam.Interop.csproj", "{ADB03B78-53F0-475D-ADB3-E01425060234}"
EndProject
Project("{2150E333-8FDC-42A3-9474-1A3956D46DE8}") = "smoke", "smoke", "{305EFE09-A9CF-C445-74EA-CBED54852C27}"
EndProject
Project("{FAE04EC0-301F-11D3-BF4B-00C04F79EFBC}") = "Smoke", "app-csharp\smoke\Smoke.csproj", "{AC1CA40C-4392-4CDF-A9C2-485BA1F12558}"
EndProject
Project("{2150E333-8FDC-42A3-9474-1A3956D46DE8}") = "app-logic", "app-logic", "{744A987E-0C89-B926-0765-ED541E342304}"
EndProject
Project("{FAE04EC0-301F-11D3-BF4B-00C04F79EFBC}") = "ContourCam.App.Logic", "app-csharp\app-logic\ContourCam.App.Logic.csproj", "{AEC42E69-2EFF-40CC-9B45-4E99A422426D}"
EndProject
Project("{2150E333-8FDC-42A3-9474-1A3956D46DE8}") = "tests", "tests", "{C5FF5595-C7E1-2A0E-10D4-24AD81488356}"
EndProject
Project("{FAE04EC0-301F-11D3-BF4B-00C04F79EFBC}") = "ContourCam.Tests", "app-csharp\tests\ContourCam.Tests.csproj", "{8ACF57D0-06FC-4947-9335-5379DE319BB3}"
EndProject
Project("{2150E333-8FDC-42A3-9474-1A3956D46DE8}") = "app", "app", "{64092015-7E0C-E285-4897-CE6E3958C59F}"
EndProject
Project("{FAE04EC0-301F-11D3-BF4B-00C04F79EFBC}") = "ContourCam.App", "app-csharp\app\ContourCam.App.csproj", "{360A2849-ADDE-4191-B177-D3B20265DA64}"
EndProject
Global
	GlobalSection(SolutionConfigurationPlatforms) = preSolution
		Debug|Any CPU = Debug|Any CPU
		Debug|x64 = Debug|x64
		Debug|x86 = Debug|x86
		Release|Any CPU = Release|Any CPU
		Release|x64 = Release|x64
		Release|x86 = Release|x86
	EndGlobalSection
	GlobalSection(ProjectConfigurationPlatforms) = postSolution
		{ADB03B78-53F0-475D-ADB3-E01425060234}.Debug|Any CPU.ActiveCfg = Debug|x64
		{ADB03B78-53F0-475D-ADB3-E01425060234}.Debug|Any CPU.Build.0 = Debug|x64
		{ADB03B78-53F0-475D-ADB3-E01425060234}.Debug|x64.ActiveCfg = Debug|x64
		{ADB03B78-53F0-475D-ADB3-E01425060234}.Debug|x64.Build.0 = Debug|x64
		{ADB03B78-53F0-475D-ADB3-E01425060234}.Debug|x86.ActiveCfg = Debug|x64
		{ADB03B78-53F0-475D-ADB3-E01425060234}.Debug|x86.Build.0 = Debug|x64
		{ADB03B78-53F0-475D-ADB3-E01425060234}.Release|Any CPU.ActiveCfg = Release|x64
		{ADB03B78-53F0-475D-ADB3-E01425060234}.Release|Any CPU.Build.0 = Release|x64
		{ADB03B78-53F0-475D-ADB3-E01425060234}.Release|x64.ActiveCfg = Release|x64
		{ADB03B78-53F0-475D-ADB3-E01425060234}.Release|x64.Build.0 = Release|x64
		{ADB03B78-53F0-475D-ADB3-E01425060234}.Release|x86.ActiveCfg = Release|x64
		{ADB03B78-53F0-475D-ADB3-E01425060234}.Release|x86.Build.0 = Release|x64
		{AC1CA40C-4392-4CDF-A9C2-485BA1F12558}.Debug|Any CPU.ActiveCfg = Debug|x64
		{AC1CA40C-4392-4CDF-A9C2-485BA1F12558}.Debug|Any CPU.Build.0 = Debug|x64
		{AC1CA40C-4392-4CDF-A9C2-485BA1F12558}.Debug|x64.ActiveCfg = Debug|x64
		{AC1CA40C-4392-4CDF-A9C2-485BA1F12558}.Debug|x64.Build.0 = Debug|x64
		{AC1CA40C-4392-4CDF-A9C2-485BA1F12558}.Debug|x86.ActiveCfg = Debug|x64
		{AC1CA40C-4392-4CDF-A9C2-485BA1F12558}.Debug|x86.Build.0 = Debug|x64
		{AC1CA40C-4392-4CDF-A9C2-485BA1F12558}.Release|Any CPU.ActiveCfg = Release|x64
		{AC1CA40C-4392-4CDF-A9C2-485BA1F12558}.Release|Any CPU.Build.0 = Release|x64
		{AC1CA40C-4392-4CDF-A9C2-485BA1F12558}.Release|x64.ActiveCfg = Release|x64
		{AC1CA40C-4392-4CDF-A9C2-485BA1F12558}.Release|x64.Build.0 = Release|x64
		{AC1CA40C-4392-4CDF-A9C2-485BA1F12558}.Release|x86.ActiveCfg = Release|x64
		{AC1CA40C-4392-4CDF-A9C2-485BA1F12558}.Release|x86.Build.0 = Release|x64
		{AEC42E69-2EFF-40CC-9B45-4E99A422426D}.Debug|Any CPU.ActiveCfg = Debug|x64
		{AEC42E69-2EFF-40CC-9B45-4E99A422426D}.Debug|Any CPU.Build.0 = Debug|x64
		{AEC42E69-2EFF-40CC-9B45-4E99A422426D}.Debug|x64.ActiveCfg = Debug|x64
		{AEC42E69-2EFF-40CC-9B45-4E99A422426D}.Debug|x64.Build.0 = Debug|x64
		{AEC42E69-2EFF-40CC-9B45-4E99A422426D}.Debug|x86.ActiveCfg = Debug|x64
		{AEC42E69-2EFF-40CC-9B45-4E99A422426D}.Debug|x86.Build.0 = Debug|x64
		{AEC42E69-2EFF-40CC-9B45-4E99A422426D}.Release|Any CPU.ActiveCfg = Release|x64
		{AEC42E69-2EFF-40CC-9B45-4E99A422426D}.Release|Any CPU.Build.0 = Release|x64
		{AEC42E69-2EFF-40CC-9B45-4E99A422426D}.Release|x64.ActiveCfg = Release|x64
		{AEC42E69-2EFF-40CC-9B45-4E99A422426D}.Release|x64.Build.0 = Release|x64
		{AEC42E69-2EFF-40CC-9B45-4E99A422426D}.Release|x86.ActiveCfg = Release|x64
		{AEC42E69-2EFF-40CC-9B45-4E99A422426D}.Release|x86.Build.0 = Release|x64
		{8ACF57D0-06FC-4947-9335-5379DE319BB3}.Debug|Any CPU.ActiveCfg = Debug|x64
		{8ACF57D0-06FC-4947-9335-5379DE319BB3}.Debug|Any CPU.Build.0 = Debug|x64
		{8ACF57D0-06FC-4947-9335-5379DE319BB3}.Debug|x64.ActiveCfg = Debug|x64
		{8ACF57D0-06FC-4947-9335-5379DE319BB3}.Debug|x64.Build.0 = Debug|x64
		{8ACF57D0-06FC-4947-9335-5379DE319BB3}.Debug|x86.ActiveCfg = Debug|x64
		{8ACF57D0-06FC-4947-9335-5379DE319BB3}.Debug|x86.Build.0 = Debug|x64
		{8ACF57D0-06FC-4947-9335-5379DE319BB3}.Release|Any CPU.ActiveCfg = Release|x64
		{8ACF57D0-06FC-4947-9335-5379DE319BB3}.Release|Any CPU.Build.0 = Release|x64
		{8ACF57D0-06FC-4947-9335-5379DE319BB3}.Release|x64.ActiveCfg = Release|x64
		{8ACF57D0-06FC-4947-9335-5379DE319BB3}.Release|x64.Build.0 = Release|x64
		{8ACF57D0-06FC-4947-9335-5379DE319BB3}.Release|x86.ActiveCfg = Release|x64
		{8ACF57D0-06FC-4947-9335-5379DE319BB3}.Release|x86.Build.0 = Release|x64
		{360A2849-ADDE-4191-B177-D3B20265DA64}.Debug|Any CPU.ActiveCfg = Debug|x64
		{360A2849-ADDE-4191-B177-D3B20265DA64}.Debug|Any CPU.Build.0 = Debug|x64
		{360A2849-ADDE-4191-B177-D3B20265DA64}.Debug|x64.ActiveCfg = Debug|x64
		{360A2849-ADDE-4191-B177-D3B20265DA64}.Debug|x64.Build.0 = Debug|x64
		{360A2849-ADDE-4191-B177-D3B20265DA64}.Debug|x86.ActiveCfg = Debug|x64
		{360A2849-ADDE-4191-B177-D3B20265DA64}.Debug|x86.Build.0 = Debug|x64
		{360A2849-ADDE-4191-B177-D3B20265DA64}.Release|Any CPU.ActiveCfg = Release|x64
		{360A2849-ADDE-4191-B177-D3B20265DA64}.Release|Any CPU.Build.0 = Release|x64
		{360A2849-ADDE-4191-B177-D3B20265DA64}.Release|x64.ActiveCfg = Release|x64
		{360A2849-ADDE-4191-B177-D3B20265DA64}.Release|x64.Build.0 = Release|x64
		{360A2849-ADDE-4191-B177-D3B20265DA64}.Release|x86.ActiveCfg = Release|x64
		{360A2849-ADDE-4191-B177-D3B20265DA64}.Release|x86.Build.0 = Release|x64
	EndGlobalSection
	GlobalSection(SolutionProperties) = preSolution
		HideSolutionNode = FALSE
	EndGlobalSection
	GlobalSection(NestedProjects) = preSolution
		{6FA9D873-4B8F-6A73-771E-9F249474291A} = {190D3071-BA1D-2212-528C-9E9F7526ED29}
		{ADB03B78-53F0-475D-ADB3-E01425060234} = {6FA9D873-4B8F-6A73-771E-9F249474291A}
		{305EFE09-A9CF-C445-74EA-CBED54852C27} = {190D3071-BA1D-2212-528C-9E9F7526ED29}
		{AC1CA40C-4392-4CDF-A9C2-485BA1F12558} = {305EFE09-A9CF-C445-74EA-CBED54852C27}
		{744A987E-0C89-B926-0765-ED541E342304} = {190D3071-BA1D-2212-528C-9E9F7526ED29}
		{AEC42E69-2EFF-40CC-9B45-4E99A422426D} = {744A987E-0C89-B926-0765-ED541E342304}
		{C5FF5595-C7E1-2A0E-10D4-24AD81488356} = {190D3071-BA1D-2212-528C-9E9F7526ED29}
		{8ACF57D0-06FC-4947-9335-5379DE319BB3} = {C5FF5595-C7E1-2A0E-10D4-24AD81488356}
		{64092015-7E0C-E285-4897-CE6E3958C59F} = {190D3071-BA1D-2212-528C-9E9F7526ED29}
		{360A2849-ADDE-4191-B177-D3B20265DA64} = {64092015-7E0C-E285-4897-CE6E3958C59F}
	EndGlobalSection
EndGlobal
